
Microsoft Visual Studio Solution File, Format Version 12.00
# Visual Studio Version 16
VisualStudioVersion = 16.0.32228.343
MinimumVisualStudioVersion = 10.0.40219.1
Project("{FAE04EC0-301F-11D3-BF4B-00C04F79EFBC}") = "CrayonKidsAPI", "CrayonKidsAPI.csproj", "{500CBB3C-D95F-4D32-B59E-C1B91AAAFBAC}"
EndProject
Global
	GlobalSection(SolutionConfigurationPlatforms) = preSolution
		Debug|Any CPU = Debug|Any CPU
		Release|Any CPU = Release|Any CPU
	EndGlobalSection
	GlobalSection(ProjectConfigurationPlatforms) = postSolution
		{500CBB3C-D95F-4D32-B59E-C1B91AAAFBAC}.Debug|Any CPU.ActiveCfg = Debug|Any CPU
		{500CBB3C-D95F-4D32-B59E-C1B91AAAFBAC}.Debug|Any CPU.Build.0 = Debug|Any CPU
		{500CBB3C-D95F-4D32-B59E-C1B91AAAFBAC}.Release|Any CPU.ActiveCfg = Release|Any CPU
		{500CBB3C-D95F-4D32-B59E-C1B91AAAFBAC}.Release|Any CPU.Build.0 = Release|Any CPU
	EndGlobalSection
	GlobalSection(SolutionProperties) = preSolution
		HideSolutionNode = FALSE
	EndGlobalSection
	GlobalSection(ExtensibilityGlobals) = postSolution
		SolutionGuid = {DF2909CB-350C-4A40-B356-B2D1860FA7AA}
	EndGlobalSection
EndGlobal
